
Microsoft Visual Studio Solution File, Format Version 12.00
# Visual Studio 2013
VisualStudioVersion = 12.0.31101.0
MinimumVisualStudioVersion = 10.0.40219.1
Project("{8BC9CEB8-8B4A-11D0-8D11-00A0C91BC942}") = "AIEFramework", "AIEFramework\AIEFramework_vs2013.vcxproj", "{BBD02D30-A9A5-41ED-9C12-67EC17B5C08B}"
	ProjectSection(ProjectDependencies) = postProject
		{5D056CED-A513-41EE-A0DD-6ECFE546F6B0} = {5D056CED-A513-41EE-A0DD-6ECFE546F6B0}
	EndProjectSection
EndProject
Project("{8BC9CEB8-8B4A-11D0-8D11-00A0C91BC942}") = "FBXLoader", "..\tools\FBXLoader\FBXLoader_vs2013.vcxproj", "{5D056CED-A513-41EE-A0DD-6ECFE546F6B0}"
EndProject
Project("{8BC9CEB8-8B4A-11D0-8D11-00A0C91BC942}") = "Tutorial1_SceneManagement", "Tutorial1_SceneManagement\Tutorial1_SceneManagement.vcxproj", "{247DB2C1-FFD9-4279-BDAC-59E7F37ACF9A}"
	ProjectSection(ProjectDependencies) = postProject
		{BBD02D30-A9A5-41ED-9C12-67EC17B5C08B} = {BBD02D30-A9A5-41ED-9C12-67EC17B5C08B}
	EndProjectSection
EndProject
Project("{8BC9CEB8-8B4A-11D0-8D11-00A0C91BC942}") = "Tutorial2_RandProceduralTech", "Tutorial2_RandProceduralTech\Tutorial2_RandProceduralTech.vcxproj", "{735D0730-A943-40BF-B03D-EAE7C30B810C}"
	ProjectSection(ProjectDependencies) = postProject
		{BBD02D30-A9A5-41ED-9C12-67EC17B5C08B} = {BBD02D30-A9A5-41ED-9C12-67EC17B5C08B}
	EndProjectSection
EndProject
Project("{8BC9CEB8-8B4A-11D0-8D11-00A0C91BC942}") = "Tutorial3_UserInterface", "Tutorial3_UserInterface\Tutorial3_UserInterface.vcxproj", "{1406FFC7-D103-4927-8967-F1A78B925C88}"
	ProjectSection(ProjectDependencies) = postProject
		{BBD02D30-A9A5-41ED-9C12-67EC17B5C08B} = {BBD02D30-A9A5-41ED-9C12-67EC17B5C08B}
	EndProjectSection
EndProject
Project("{8BC9CEB8-8B4A-11D0-8D11-00A0C91BC942}") = "Tutorial4_NavMesh", "Tutorial4_NavMesh\Tutorial4_NavMesh.vcxproj", "{B910387D-8C25-4649-A52C-6A67F45DBAB4}"
	ProjectSection(ProjectDependencies) = postProject
		{BBD02D30-A9A5-41ED-9C12-67EC17B5C08B} = {BBD02D30-A9A5-41ED-9C12-67EC17B5C08B}
	EndProjectSection
EndProject
Project("{8BC9CEB8-8B4A-11D0-8D11-00A0C91BC942}") = "Tutorial5_BehaviorTrees", "Tutorial5_BehaviorTrees\Tutorial5_BehaviorTrees.vcxproj", "{15F86A66-168D-4EF2-842F-FD0DAF141B84}"
EndProject
Project("{8BC9CEB8-8B4A-11D0-8D11-00A0C91BC942}") = "Tutorial6_GoalBehaviorPlanning", "Tutorial6_GoalBehaviorPlanning\Tutorial6_GoalBehaviorPlanning.vcxproj", "{26E3BC17-9716-4510-AFE1-EE33D476E43F}"
	ProjectSection(ProjectDependencies) = postProject
		{BBD02D30-A9A5-41ED-9C12-67EC17B5C08B} = {BBD02D30-A9A5-41ED-9C12-67EC17B5C08B}
	EndProjectSection
EndProject
Global
	GlobalSection(SolutionConfigurationPlatforms) = preSolution
		Debug|Win32 = Debug|Win32
		Release|Win32 = Release|Win32
	EndGlobalSection
	GlobalSection(ProjectConfigurationPlatforms) = postSolution
		{BBD02D30-A9A5-41ED-9C12-67EC17B5C08B}.Debug|Win32.ActiveCfg = Debug|Win32
		{BBD02D30-A9A5-41ED-9C12-67EC17B5C08B}.Debug|Win32.Build.0 = Debug|Win32
		{BBD02D30-A9A5-41ED-9C12-67EC17B5C08B}.Release|Win32.ActiveCfg = Release|Win32
		{BBD02D30-A9A5-41ED-9C12-67EC17B5C08B}.Release|Win32.Build.0 = Release|Win32
		{5D056CED-A513-41EE-A0DD-6ECFE546F6B0}.Debug|Win32.ActiveCfg = Debug|Win32
		{5D056CED-A513-41EE-A0DD-6ECFE546F6B0}.Debug|Win32.Build.0 = Debug|Win32
		{5D056CED-A513-41EE-A0DD-6ECFE546F6B0}.Release|Win32.ActiveCfg = Release|Win32
		{5D056CED-A513-41EE-A0DD-6ECFE546F6B0}.Release|Win32.Build.0 = Release|Win32
		{247DB2C1-FFD9-4279-BDAC-59E7F37ACF9A}.Debug|Win32.ActiveCfg = Debug|Win32
		{247DB2C1-FFD9-4279-BDAC-59E7F37ACF9A}.Debug|Win32.Build.0 = Debug|Win32
		{247DB2C1-FFD9-4279-BDAC-59E7F37ACF9A}.Release|Win32.ActiveCfg = Release|Win32
		{247DB2C1-FFD9-4279-BDAC-59E7F37ACF9A}.Release|Win32.Build.0 = Release|Win32
		{735D0730-A943-40BF-B03D-EAE7C30B810C}.Debug|Win32.ActiveCfg = Debug|Win32
		{735D0730-A943-40BF-B03D-EAE7C30B810C}.Debug|Win32.Build.0 = Debug|Win32
		{735D0730-A943-40BF-B03D-EAE7C30B810C}.Release|Win32.ActiveCfg = Release|Win32
		{735D0730-A943-40BF-B03D-EAE7C30B810C}.Release|Win32.Build.0 = Release|Win32
		{1406FFC7-D103-4927-8967-F1A78B925C88}.Debug|Win32.ActiveCfg = Debug|Win32
		{1406FFC7-D103-4927-8967-F1A78B925C88}.Debug|Win32.Build.0 = Debug|Win32
		{1406FFC7-D103-4927-8967-F1A78B925C88}.Release|Win32.ActiveCfg = Release|Win32
		{1406FFC7-D103-4927-8967-F1A78B925C88}.Release|Win32.Build.0 = Release|Win32
		{B910387D-8C25-4649-A52C-6A67F45DBAB4}.Debug|Win32.ActiveCfg = Debug|Win32
		{B910387D-8C25-4649-A52C-6A67F45DBAB4}.Debug|Win32.Build.0 = Debug|Win32
		{B910387D-8C25-4649-A52C-6A67F45DBAB4}.Release|Win32.ActiveCfg = Release|Win32
		{B910387D-8C25-4649-A52C-6A67F45DBAB4}.Release|Win32.Build.0 = Release|Win32
		{15F86A66-168D-4EF2-842F-FD0DAF141B84}.Debug|Win32.ActiveCfg = Debug|Win32
		{15F86A66-168D-4EF2-842F-FD0DAF141B84}.Debug|Win32.Build.0 = Debug|Win32
		{15F86A66-168D-4EF2-842F-FD0DAF141B84}.Release|Win32.ActiveCfg = Release|Win32
		{15F86A66-168D-4EF2-842F-FD0DAF141B84}.Release|Win32.Build.0 = Release|Win32
		{26E3BC17-9716-4510-AFE1-EE33D476E43F}.Debug|Win32.ActiveCfg = Debug|Win32
		{26E3BC17-9716-4510-AFE1-EE33D476E43F}.Debug|Win32.Build.0 = Debug|Win32
		{26E3BC17-9716-4510-AFE1-EE33D476E43F}.Release|Win32.ActiveCfg = Release|Win32
		{26E3BC17-9716-4510-AFE1-EE33D476E43F}.Release|Win32.Build.0 = Release|Win32
	EndGlobalSection
	GlobalSection(SolutionProperties) = preSolution
		HideSolutionNode = FALSE
	EndGlobalSection
EndGlobal
